
Microsoft Visual Studio Solution File, Format Version 12.00
# Visual Studio Version 17
VisualStudioVersion = 17.9.34728.123
MinimumVisualStudioVersion = 10.0.40219.1
Project("{2150E333-8FDC-42A3-9474-1A3956D46DE8}") = "Employee", "Employee", "{6B060907-6BA2-4B7D-BBB5-4635ED7170BC}"
EndProject
Project("{9A19103F-16F7-4668-BE54-9A1E7A4F7556}") = "HRMS.Employee.Domain", "HRMS.Employee.Domain\HRMS.Employee.Domain.csproj", "{05226DD3-05BE-462E-84D4-5D3F9BA3DF3E}"
EndProject
Project("{9A19103F-16F7-4668-BE54-9A1E7A4F7556}") = "HRMS.Employee.Application", "HRMS.Employee.Application\HRMS.Employee.Application.csproj", "{AFD34C37-5540-4077-81CB-DA3DA7FA9D04}"
EndProject
Project("{9A19103F-16F7-4668-BE54-9A1E7A4F7556}") = "HRMS.Employee.Infrastructure", "HRMS.Employee.Infrastructure\HRMS.Employee.Infrastructure.csproj", "{27439C78-D7F4-4CF5-9C46-5E64CBA68D55}"
EndProject
Project("{2150E333-8FDC-42A3-9474-1A3956D46DE8}") = "Payroll", "Payroll", "{DE9FCB57-F7DB-448D-9658-DD239EEE4751}"
EndProject
Project("{9A19103F-16F7-4668-BE54-9A1E7A4F7556}") = "HRMS.Payroll.Domain", "HRMS.Payroll.Domain\HRMS.Payroll.Domain.csproj", "{535DBCF7-AE4D-4B8F-A4E0-8142BF8E09DB}"
EndProject
Project("{9A19103F-16F7-4668-BE54-9A1E7A4F7556}") = "HRMS.Payroll.Application", "HRMS.Payroll.Application\HRMS.Payroll.Application.csproj", "{EC5ECDE9-205C-4F24-9B77-6BCCB9086D71}"
EndProject
Project("{9A19103F-16F7-4668-BE54-9A1E7A4F7556}") = "HRMS.Payroll.Infrastructure", "HRMS.Payroll.Infrastructure\HRMS.Payroll.Infrastructure.csproj", "{3C891837-3F98-4C04-A0CC-B0A6B02C1ACE}"
EndProject
Project("{9A19103F-16F7-4668-BE54-9A1E7A4F7556}") = "HRMS.Contracts", "HRMS.Contracts\HRMS.Contracts.csproj", "{75EFC239-1518-4FFC-8065-E8885A10430D}"
EndProject
Project("{2150E333-8FDC-42A3-9474-1A3956D46DE8}") = "Leave", "Leave", "{83F9B648-C534-4DD1-A322-0BDF372CCB90}"
EndProject
Project("{9A19103F-16F7-4668-BE54-9A1E7A4F7556}") = "HRMS.Leave.Application", "HRMS.Leave.Application\HRMS.Leave.Application.csproj", "{762D62B0-FA32-4BA8-96E3-70ECB4CFE62E}"
EndProject
Project("{9A19103F-16F7-4668-BE54-9A1E7A4F7556}") = "HRMS.Leave.Domain", "HRMS.Leave.Domain\HRMS.Leave.Domain.csproj", "{89211640-5510-4C0D-A58D-822FE1AB1A19}"
EndProject
Project("{9A19103F-16F7-4668-BE54-9A1E7A4F7556}") = "HRMS.Leave.Infrastructure", "HRMS.Leave.Infrastructure\HRMS.Leave.Infrastructure.csproj", "{5FDFC5C1-D19E-4B06-BA89-0F9478BE9584}"
EndProject
Project("{9A19103F-16F7-4668-BE54-9A1E7A4F7556}") = "HRMS.Employee.API", "HRMS.Employee.API\HRMS.Employee.API.csproj", "{16A0E517-923F-43D2-9FBB-45E9F6976310}"
EndProject
Project("{9A19103F-16F7-4668-BE54-9A1E7A4F7556}") = "HRMS.Payroll.API", "HRMS.Payroll.API\HRMS.Payroll.API.csproj", "{4051F3E4-5796-4906-B623-FA97D086C517}"
EndProject
Project("{9A19103F-16F7-4668-BE54-9A1E7A4F7556}") = "HRMS.Leave.API", "HRMS.Leave.API\HRMS.Leave.API.csproj", "{CF71EC59-4DC7-41C2-A029-BCBDE3901FAB}"
EndProject
Project("{FAE04EC0-301F-11D3-BF4B-00C04F79EFBC}") = "HRMS.Gateway", "HRMS.Gateway\HRMS.Gateway.csproj", "{858C26D9-BF3A-4125-B081-9F8B0B4CF135}"
EndProject
Global
	GlobalSection(SolutionConfigurationPlatforms) = preSolution
		Debug|Any CPU = Debug|Any CPU
		Debug|x64 = Debug|x64
		Debug|x86 = Debug|x86
		Release|Any CPU = Release|Any CPU
		Release|x64 = Release|x64
		Release|x86 = Release|x86
	EndGlobalSection
	GlobalSection(ProjectConfigurationPlatforms) = postSolution
		{05226DD3-05BE-462E-84D4-5D3F9BA3DF3E}.Debug|Any CPU.ActiveCfg = Debug|Any CPU
		{05226DD3-05BE-462E-84D4-5D3F9BA3DF3E}.Debug|Any CPU.Build.0 = Debug|Any CPU
		{05226DD3-05BE-462E-84D4-5D3F9BA3DF3E}.Debug|x64.ActiveCfg = Debug|Any CPU
		{05226DD3-05BE-462E-84D4-5D3F9BA3DF3E}.Debug|x64.Build.0 = Debug|Any CPU
		{05226DD3-05BE-462E-84D4-5D3F9BA3DF3E}.Debug|x86.ActiveCfg = Debug|Any CPU
		{05226DD3-05BE-462E-84D4-5D3F9BA3DF3E}.Debug|x86.Build.0 = Debug|Any CPU
		{05226DD3-05BE-462E-84D4-5D3F9BA3DF3E}.Release|Any CPU.ActiveCfg = Release|Any CPU
		{05226DD3-05BE-462E-84D4-5D3F9BA3DF3E}.Release|Any CPU.Build.0 = Release|Any CPU
		{05226DD3-05BE-462E-84D4-5D3F9BA3DF3E}.Release|x64.ActiveCfg = Release|Any CPU
		{05226DD3-05BE-462E-84D4-5D3F9BA3DF3E}.Release|x64.Build.0 = Release|Any CPU
		{05226DD3-05BE-462E-84D4-5D3F9BA3DF3E}.Release|x86.ActiveCfg = Release|Any CPU
		{05226DD3-05BE-462E-84D4-5D3F9BA3DF3E}.Release|x86.Build.0 = Release|Any CPU
		{AFD34C37-5540-4077-81CB-DA3DA7FA9D04}.Debug|Any CPU.ActiveCfg = Debug|Any CPU
		{AFD34C37-5540-4077-81CB-DA3DA7FA9D04}.Debug|Any CPU.Build.0 = Debug|Any CPU
		{AFD34C37-5540-4077-81CB-DA3DA7FA9D04}.Debug|x64.ActiveCfg = Debug|Any CPU
		{AFD34C37-5540-4077-81CB-DA3DA7FA9D04}.Debug|x64.Build.0 = Debug|Any CPU
		{AFD34C37-5540-4077-81CB-DA3DA7FA9D04}.Debug|x86.ActiveCfg = Debug|Any CPU
		{AFD34C37-5540-4077-81CB-DA3DA7FA9D04}.Debug|x86.Build.0 = Debug|Any CPU
		{AFD34C37-5540-4077-81CB-DA3DA7FA9D04}.Release|Any CPU.ActiveCfg = Release|Any CPU
		{AFD34C37-5540-4077-81CB-DA3DA7FA9D04}.Release|Any CPU.Build.0 = Release|Any CPU
		{AFD34C37-5540-4077-81CB-DA3DA7FA9D04}.Release|x64.ActiveCfg = Release|Any CPU
		{AFD34C37-5540-4077-81CB-DA3DA7FA9D04}.Release|x64.Build.0 = Release|Any CPU
		{AFD34C37-5540-4077-81CB-DA3DA7FA9D04}.Release|x86.ActiveCfg = Release|Any CPU
		{AFD34C37-5540-4077-81CB-DA3DA7FA9D04}.Release|x86.Build.0 = Release|Any CPU
		{27439C78-D7F4-4CF5-9C46-5E64CBA68D55}.Debug|Any CPU.ActiveCfg = Debug|Any CPU
		{27439C78-D7F4-4CF5-9C46-5E64CBA68D55}.Debug|Any CPU.Build.0 = Debug|Any CPU
		{27439C78-D7F4-4CF5-9C46-5E64CBA68D55}.Debug|x64.ActiveCfg = Debug|Any CPU
		{27439C78-D7F4-4CF5-9C46-5E64CBA68D55}.Debug|x64.Build.0 = Debug|Any CPU
		{27439C78-D7F4-4CF5-9C46-5E64CBA68D55}.Debug|x86.ActiveCfg = Debug|Any CPU
		{27439C78-D7F4-4CF5-9C46-5E64CBA68D55}.Debug|x86.Build.0 = Debug|Any CPU
		{27439C78-D7F4-4CF5-9C46-5E64CBA68D55}.Release|Any CPU.ActiveCfg = Release|Any CPU
		{27439C78-D7F4-4CF5-9C46-5E64CBA68D55}.Release|Any CPU.Build.0 = Release|Any CPU
		{27439C78-D7F4-4CF5-9C46-5E64CBA68D55}.Release|x64.ActiveCfg = Release|Any CPU
		{27439C78-D7F4-4CF5-9C46-5E64CBA68D55}.Release|x64.Build.0 = Release|Any CPU
		{27439C78-D7F4-4CF5-9C46-5E64CBA68D55}.Release|x86.ActiveCfg = Release|Any CPU
		{27439C78-D7F4-4CF5-9C46-5E64CBA68D55}.Release|x86.Build.0 = Release|Any CPU
		{535DBCF7-AE4D-4B8F-A4E0-8142BF8E09DB}.Debug|Any CPU.ActiveCfg = Debug|Any CPU
		{535DBCF7-AE4D-4B8F-A4E0-8142BF8E09DB}.Debug|Any CPU.Build.0 = Debug|Any CPU
		{535DBCF7-AE4D-4B8F-A4E0-8142BF8E09DB}.Debug|x64.ActiveCfg = Debug|Any CPU
		{535DBCF7-AE4D-4B8F-A4E0-8142BF8E09DB}.Debug|x64.Build.0 = Debug|Any CPU
		{535DBCF7-AE4D-4B8F-A4E0-8142BF8E09DB}.Debug|x86.ActiveCfg = Debug|Any CPU
		{535DBCF7-AE4D-4B8F-A4E0-8142BF8E09DB}.Debug|x86.Build.0 = Debug|Any CPU
		{535DBCF7-AE4D-4B8F-A4E0-8142BF8E09DB}.Release|Any CPU.ActiveCfg = Release|Any CPU
		{535DBCF7-AE4D-4B8F-A4E0-8142BF8E09DB}.Release|Any CPU.Build.0 = Release|Any CPU
		{535DBCF7-AE4D-4B8F-A4E0-8142BF8E09DB}.Release|x64.ActiveCfg = Release|Any CPU
		{535DBCF7-AE4D-4B8F-A4E0-8142BF8E09DB}.Release|x64.Build.0 = Release|Any CPU
		{535DBCF7-AE4D-4B8F-A4E0-8142BF8E09DB}.Release|x86.ActiveCfg = Release|Any CPU
		{535DBCF7-AE4D-4B8F-A4E0-8142BF8E09DB}.Release|x86.Build.0 = Release|Any CPU
		{EC5ECDE9-205C-4F24-9B77-6BCCB9086D71}.Debug|Any CPU.ActiveCfg = Debug|Any CPU
		{EC5ECDE9-205C-4F24-9B77-6BCCB9086D71}.Debug|Any CPU.Build.0 = Debug|Any CPU
		{EC5ECDE9-205C-4F24-9B77-6BCCB9086D71}.Debug|x64.ActiveCfg = Debug|Any CPU
		{EC5ECDE9-205C-4F24-9B77-6BCCB9086D71}.Debug|x64.Build.0 = Debug|Any CPU
		{EC5ECDE9-205C-4F24-9B77-6BCCB9086D71}.Debug|x86.ActiveCfg = Debug|Any CPU
		{EC5ECDE9-205C-4F24-9B77-6BCCB9086D71}.Debug|x86.Build.0 = Debug|Any CPU
		{EC5ECDE9-205C-4F24-9B77-6BCCB9086D71}.Release|Any CPU.ActiveCfg = Release|Any CPU
		{EC5ECDE9-205C-4F24-9B77-6BCCB9086D71}.Release|Any CPU.Build.0 = Release|Any CPU
		{EC5ECDE9-205C-4F24-9B77-6BCCB9086D71}.Release|x64.ActiveCfg = Release|Any CPU
		{EC5ECDE9-205C-4F24-9B77-6BCCB9086D71}.Release|x64.Build.0 = Release|Any CPU
		{EC5ECDE9-205C-4F24-9B77-6BCCB9086D71}.Release|x86.ActiveCfg = Release|Any CPU
		{EC5ECDE9-205C-4F24-9B77-6BCCB9086D71}.Release|x86.Build.0 = Release|Any CPU
		{3C891837-3F98-4C04-A0CC-B0A6B02C1ACE}.Debug|Any CPU.ActiveCfg = Debug|Any CPU
		{3C891837-3F98-4C04-A0CC-B0A6B02C1ACE}.Debug|Any CPU.Build.0 = Debug|Any CPU
		{3C891837-3F98-4C04-A0CC-B0A6B02C1ACE}.Debug|x64.ActiveCfg = Debug|Any CPU
		{3C891837-3F98-4C04-A0CC-B0A6B02C1ACE}.Debug|x64.Build.0 = Debug|Any CPU
		{3C891837-3F98-4C04-A0CC-B0A6B02C1ACE}.Debug|x86.ActiveCfg = Debug|Any CPU
		{3C891837-3F98-4C04-A0CC-B0A6B02C1ACE}.Debug|x86.Build.0 = Debug|Any CPU
		{3C891837-3F98-4C04-A0CC-B0A6B02C1ACE}.Release|Any CPU.ActiveCfg = Release|Any CPU
		{3C891837-3F98-4C04-A0CC-B0A6B02C1ACE}.Release|Any CPU.Build.0 = Release|Any CPU
		{3C891837-3F98-4C04-A0CC-B0A6B02C1ACE}.Release|x64.ActiveCfg = Release|Any CPU
		{3C891837-3F98-4C04-A0CC-B0A6B02C1ACE}.Release|x64.Build.0 = Release|Any CPU
		{3C891837-3F98-4C04-A0CC-B0A6B02C1ACE}.Release|x86.ActiveCfg = Release|Any CPU
		{3C891837-3F98-4C04-A0CC-B0A6B02C1ACE}.Release|x86.Build.0 = Release|Any CPU
		{75EFC239-1518-4FFC-8065-E8885A10430D}.Debug|Any CPU.ActiveCfg = Debug|Any CPU
		{75EFC239-1518-4FFC-8065-E8885A10430D}.Debug|Any CPU.Build.0 = Debug|Any CPU
		{75EFC239-1518-4FFC-8065-E8885A10430D}.Debug|x64.ActiveCfg = Debug|Any CPU
		{75EFC239-1518-4FFC-8065-E8885A10430D}.Debug|x64.Build.0 = Debug|Any CPU
		{75EFC239-1518-4FFC-8065-E8885A10430D}.Debug|x86.ActiveCfg = Debug|Any CPU
		{75EFC239-1518-4FFC-8065-E8885A10430D}.Debug|x86.Build.0 = Debug|Any CPU
		{75EFC239-1518-4FFC-8065-E8885A10430D}.Release|Any CPU.ActiveCfg = Release|Any CPU
		{75EFC239-1518-4FFC-8065-E8885A10430D}.Release|Any CPU.Build.0 = Release|Any CPU
		{75EFC239-1518-4FFC-8065-E8885A10430D}.Release|x64.ActiveCfg = Release|Any CPU
		{75EFC239-1518-4FFC-8065-E8885A10430D}.Release|x64.Build.0 = Release|Any CPU
		{75EFC239-1518-4FFC-8065-E8885A10430D}.Release|x86.ActiveCfg = Release|Any CPU
		{75EFC239-1518-4FFC-8065-E8885A10430D}.Release|x86.Build.0 = Release|Any CPU
		{762D62B0-FA32-4BA8-96E3-70ECB4CFE62E}.Debug|Any CPU.ActiveCfg = Debug|Any CPU
		{762D62B0-FA32-4BA8-96E3-70ECB4CFE62E}.Debug|Any CPU.Build.0 = Debug|Any CPU
		{762D62B0-FA32-4BA8-96E3-70ECB4CFE62E}.Debug|x64.ActiveCfg = Debug|Any CPU
		{762D62B0-FA32-4BA8-96E3-70ECB4CFE62E}.Debug|x64.Build.0 = Debug|Any CPU
		{762D62B0-FA32-4BA8-96E3-70ECB4CFE62E}.Debug|x86.ActiveCfg = Debug|Any CPU
		{762D62B0-FA32-4BA8-96E3-70ECB4CFE62E}.Debug|x86.Build.0 = Debug|Any CPU
		{762D62B0-FA32-4BA8-96E3-70ECB4CFE62E}.Release|Any CPU.ActiveCfg = Release|Any CPU
		{762D62B0-FA32-4BA8-96E3-70ECB4CFE62E}.Release|Any CPU.Build.0 = Release|Any CPU
		{762D62B0-FA32-4BA8-96E3-70ECB4CFE62E}.Release|x64.ActiveCfg = Release|Any CPU
		{762D62B0-FA32-4BA8-96E3-70ECB4CFE62E}.Release|x64.Build.0 = Release|Any CPU
		{762D62B0-FA32-4BA8-96E3-70ECB4CFE62E}.Release|x86.ActiveCfg = Release|Any CPU
		{762D62B0-FA32-4BA8-96E3-70ECB4CFE62E}.Release|x86.Build.0 = Release|Any CPU
		{89211640-5510-4C0D-A58D-822FE1AB1A19}.Debug|Any CPU.ActiveCfg = Debug|Any CPU
		{89211640-5510-4C0D-A58D-822FE1AB1A19}.Debug|Any CPU.Build.0 = Debug|Any CPU
		{89211640-5510-4C0D-A58D-822FE1AB1A19}.Debug|x64.ActiveCfg = Debug|Any CPU
		{89211640-5510-4C0D-A58D-822FE1AB1A19}.Debug|x64.Build.0 = Debug|Any CPU
		{89211640-5510-4C0D-A58D-822FE1AB1A19}.Debug|x86.ActiveCfg = Debug|Any CPU
		{89211640-5510-4C0D-A58D-822FE1AB1A19}.Debug|x86.Build.0 = Debug|Any CPU
		{89211640-5510-4C0D-A58D-822FE1AB1A19}.Release|Any CPU.ActiveCfg = Release|Any CPU
		{89211640-5510-4C0D-A58D-822FE1AB1A19}.Release|Any CPU.Build.0 = Release|Any CPU
		{89211640-5510-4C0D-A58D-822FE1AB1A19}.Release|x64.ActiveCfg = Release|Any CPU
		{89211640-5510-4C0D-A58D-822FE1AB1A19}.Release|x64.Build.0 = Release|Any CPU
		{89211640-5510-4C0D-A58D-822FE1AB1A19}.Release|x86.ActiveCfg = Release|Any CPU
		{89211640-5510-4C0D-A58D-822FE1AB1A19}.Release|x86.Build.0 = Release|Any CPU
		{5FDFC5C1-D19E-4B06-BA89-0F9478BE9584}.Debug|Any CPU.ActiveCfg = Debug|Any CPU
		{5FDFC5C1-D19E-4B06-BA89-0F9478BE9584}.Debug|Any CPU.Build.0 = Debug|Any CPU
		{5FDFC5C1-D19E-4B06-BA89-0F9478BE9584}.Debug|x64.ActiveCfg = Debug|Any CPU
		{5FDFC5C1-D19E-4B06-BA89-0F9478BE9584}.Debug|x64.Build.0 = Debug|Any CPU
		{5FDFC5C1-D19E-4B06-BA89-0F9478BE9584}.Debug|x86.ActiveCfg = Debug|Any CPU
		{5FDFC5C1-D19E-4B06-BA89-0F9478BE9584}.Debug|x86.Build.0 = Debug|Any CPU
		{5FDFC5C1-D19E-4B06-BA89-0F9478BE9584}.Release|Any CPU.ActiveCfg = Release|Any CPU
		{5FDFC5C1-D19E-4B06-BA89-0F9478BE9584}.Release|Any CPU.Build.0 = Release|Any CPU
		{5FDFC5C1-D19E-4B06-BA89-0F9478BE9584}.Release|x64.ActiveCfg = Release|Any CPU
		{5FDFC5C1-D19E-4B06-BA89-0F9478BE9584}.Release|x64.Build.0 = Release|Any CPU
		{5FDFC5C1-D19E-4B06-BA89-0F9478BE9584}.Release|x86.ActiveCfg = Release|Any CPU
		{5FDFC5C1-D19E-4B06-BA89-0F9478BE9584}.Release|x86.Build.0 = Release|Any CPU
		{16A0E517-923F-43D2-9FBB-45E9F6976310}.Debug|Any CPU.ActiveCfg = Debug|Any CPU
		{16A0E517-923F-43D2-9FBB-45E9F6976310}.Debug|Any CPU.Build.0 = Debug|Any CPU
		{16A0E517-923F-43D2-9FBB-45E9F6976310}.Debug|x64.ActiveCfg = Debug|Any CPU
		{16A0E517-923F-43D2-9FBB-45E9F6976310}.Debug|x64.Build.0 = Debug|Any CPU
		{16A0E517-923F-43D2-9FBB-45E9F6976310}.Debug|x86.ActiveCfg = Debug|Any CPU
		{16A0E517-923F-43D2-9FBB-45E9F6976310}.Debug|x86.Build.0 = Debug|Any CPU
		{16A0E517-923F-43D2-9FBB-45E9F6976310}.Release|Any CPU.ActiveCfg = Release|Any CPU
		{16A0E517-923F-43D2-9FBB-45E9F6976310}.Release|Any CPU.Build.0 = Release|Any CPU
		{16A0E517-923F-43D2-9FBB-45E9F6976310}.Release|x64.ActiveCfg = Release|Any CPU
		{16A0E517-923F-43D2-9FBB-45E9F6976310}.Release|x64.Build.0 = Release|Any CPU
		{16A0E517-923F-43D2-9FBB-45E9F6976310}.Release|x86.ActiveCfg = Release|Any CPU
		{16A0E517-923F-43D2-9FBB-45E9F6976310}.Release|x86.Build.0 = Release|Any CPU
		{4051F3E4-5796-4906-B623-FA97D086C517}.Debug|Any CPU.ActiveCfg = Debug|Any CPU
		{4051F3E4-5796-4906-B623-FA97D086C517}.Debug|Any CPU.Build.0 = Debug|Any CPU
		{4051F3E4-5796-4906-B623-FA97D086C517}.Debug|x64.ActiveCfg = Debug|Any CPU
		{4051F3E4-5796-4906-B623-FA97D086C517}.Debug|x64.Build.0 = Debug|Any CPU
		{4051F3E4-5796-4906-B623-FA97D086C517}.Debug|x86.ActiveCfg = Debug|Any CPU
		{4051F3E4-5796-4906-B623-FA97D086C517}.Debug|x86.Build.0 = Debug|Any CPU
		{4051F3E4-5796-4906-B623-FA97D086C517}.Release|Any CPU.ActiveCfg = Release|Any CPU
		{4051F3E4-5796-4906-B623-FA97D086C517}.Release|Any CPU.Build.0 = Release|Any CPU
		{4051F3E4-5796-4906-B623-FA97D086C517}.Release|x64.ActiveCfg = Release|Any CPU
		{4051F3E4-5796-4906-B623-FA97D086C517}.Release|x64.Build.0 = Release|Any CPU
		{4051F3E4-5796-4906-B623-FA97D086C517}.Release|x86.ActiveCfg = Release|Any CPU
		{4051F3E4-5796-4906-B623-FA97D086C517}.Release|x86.Build.0 = Release|Any CPU
		{CF71EC59-4DC7-41C2-A029-BCBDE3901FAB}.Debug|Any CPU.ActiveCfg = Debug|Any CPU
		{CF71EC59-4DC7-41C2-A029-BCBDE3901FAB}.Debug|Any CPU.Build.0 = Debug|Any CPU
		{CF71EC59-4DC7-41C2-A029-BCBDE3901FAB}.Debug|x64.ActiveCfg = Debug|Any CPU
		{CF71EC59-4DC7-41C2-A029-BCBDE3901FAB}.Debug|x64.Build.0 = Debug|Any CPU
		{CF71EC59-4DC7-41C2-A029-BCBDE3901FAB}.Debug|x86.ActiveCfg = Debug|Any CPU
		{CF71EC59-4DC7-41C2-A029-BCBDE3901FAB}.Debug|x86.Build.0 = Debug|Any CPU
		{CF71EC59-4DC7-41C2-A029-BCBDE3901FAB}.Release|Any CPU.ActiveCfg = Release|Any CPU
		{CF71EC59-4DC7-41C2-A029-BCBDE3901FAB}.Release|Any CPU.Build.0 = Release|Any CPU
		{CF71EC59-4DC7-41C2-A029-BCBDE3901FAB}.Release|x64.ActiveCfg = Release|Any CPU
		{CF71EC59-4DC7-41C2-A029-BCBDE3901FAB}.Release|x64.Build.0 = Release|Any CPU
		{CF71EC59-4DC7-41C2-A029-BCBDE3901FAB}.Release|x86.ActiveCfg = Release|Any CPU
		{CF71EC59-4DC7-41C2-A029-BCBDE3901FAB}.Release|x86.Build.0 = Release|Any CPU
		{858C26D9-BF3A-4125-B081-9F8B0B4CF135}.Debug|Any CPU.ActiveCfg = Debug|Any CPU
		{858C26D9-BF3A-4125-B081-9F8B0B4CF135}.Debug|Any CPU.Build.0 = Debug|Any CPU
		{858C26D9-BF3A-4125-B081-9F8B0B4CF135}.Debug|x64.ActiveCfg = Debug|Any CPU
		{858C26D9-BF3A-4125-B081-9F8B0B4CF135}.Debug|x64.Build.0 = Debug|Any CPU
		{858C26D9-BF3A-4125-B081-9F8B0B4CF135}.Debug|x86.ActiveCfg = Debug|Any CPU
		{858C26D9-BF3A-4125-B081-9F8B0B4CF135}.Debug|x86.Build.0 = Debug|Any CPU
		{858C26D9-BF3A-4125-B081-9F8B0B4CF135}.Release|Any CPU.ActiveCfg = Release|Any CPU
		{858C26D9-BF3A-4125-B081-9F8B0B4CF135}.Release|Any CPU.Build.0 = Release|Any CPU
		{858C26D9-BF3A-4125-B081-9F8B0B4CF135}.Release|x64.ActiveCfg = Release|Any CPU
		{858C26D9-BF3A-4125-B081-9F8B0B4CF135}.Release|x64.Build.0 = Release|Any CPU
		{858C26D9-BF3A-4125-B081-9F8B0B4CF135}.Release|x86.ActiveCfg = Release|Any CPU
		{858C26D9-BF3A-4125-B081-9F8B0B4CF135}.Release|x86.Build.0 = Release|Any CPU
	EndGlobalSection
	GlobalSection(SolutionProperties) = preSolution
		HideSolutionNode = FALSE
	EndGlobalSection
	GlobalSection(NestedProjects) = preSolution
		{05226DD3-05BE-462E-84D4-5D3F9BA3DF3E} = {6B060907-6BA2-4B7D-BBB5-4635ED7170BC}
		{AFD34C37-5540-4077-81CB-DA3DA7FA9D04} = {6B060907-6BA2-4B7D-BBB5-4635ED7170BC}
		{27439C78-D7F4-4CF5-9C46-5E64CBA68D55} = {6B060907-6BA2-4B7D-BBB5-4635ED7170BC}
		{535DBCF7-AE4D-4B8F-A4E0-8142BF8E09DB} = {DE9FCB57-F7DB-448D-9658-DD239EEE4751}
		{EC5ECDE9-205C-4F24-9B77-6BCCB9086D71} = {DE9FCB57-F7DB-448D-9658-DD239EEE4751}
		{3C891837-3F98-4C04-A0CC-B0A6B02C1ACE} = {DE9FCB57-F7DB-448D-9658-DD239EEE4751}
		{762D62B0-FA32-4BA8-96E3-70ECB4CFE62E} = {83F9B648-C534-4DD1-A322-0BDF372CCB90}
		{89211640-5510-4C0D-A58D-822FE1AB1A19} = {83F9B648-C534-4DD1-A322-0BDF372CCB90}
		{5FDFC5C1-D19E-4B06-BA89-0F9478BE9584} = {83F9B648-C534-4DD1-A322-0BDF372CCB90}
		{16A0E517-923F-43D2-9FBB-45E9F6976310} = {6B060907-6BA2-4B7D-BBB5-4635ED7170BC}
		{4051F3E4-5796-4906-B623-FA97D086C517} = {DE9FCB57-F7DB-448D-9658-DD239EEE4751}
		{CF71EC59-4DC7-41C2-A029-BCBDE3901FAB} = {83F9B648-C534-4DD1-A322-0BDF372CCB90}
	EndGlobalSection
	GlobalSection(ExtensibilityGlobals) = postSolution
		SolutionGuid = {31891320-B28D-4E5F-A936-06052EC7067B}
	EndGlobalSection
EndGlobal
